
Microsoft Visual Studio Solution File, Format Version 12.00
# Visual Studio 15
VisualStudioVersion = 15.0.28010.2050
MinimumVisualStudioVersion = 10.0.40219.1
Project("{FAE04EC0-301F-11D3-BF4B-00C04F79EFBC}") = "1_NumericLiterals", "NumericLiterals\1_NumericLiterals.csproj", "{3389C058-7C9A-464E-A3A2-F3CAA61C1377}"
EndProject
Project("{FAE04EC0-301F-11D3-BF4B-00C04F79EFBC}") = "5_Deconstructors", "Deconstructors\5_Deconstructors.csproj", "{67CD601C-8BE2-4FD4-A5ED-D35E846D693E}"
EndProject
Project("{FAE04EC0-301F-11D3-BF4B-00C04F79EFBC}") = "2_OutVariables", "OutVariables\2_OutVariables.csproj", "{22EAB29F-0D48-4017-89AA-2ED6ADCB154F}"
EndProject
Project("{FAE04EC0-301F-11D3-BF4B-00C04F79EFBC}") = "3_Pattern Matching", "PatternVariables\3_Pattern Matching.csproj", "{08AC6BF8-4BBD-48A7-B20F-B0379CED3FD4}"
EndProject
Project("{FAE04EC0-301F-11D3-BF4B-00C04F79EFBC}") = "4_Tuples", "Tuples\4_Tuples.csproj", "{F7835192-D0B5-4722-BBB5-381D9863AB3F}"
EndProject
Global
	GlobalSection(SolutionConfigurationPlatforms) = preSolution
		Debug|Any CPU = Debug|Any CPU
		Release|Any CPU = Release|Any CPU
	EndGlobalSection
	GlobalSection(ProjectConfigurationPlatforms) = postSolution
		{3389C058-7C9A-464E-A3A2-F3CAA61C1377}.Debug|Any CPU.ActiveCfg = Debug|Any CPU
		{3389C058-7C9A-464E-A3A2-F3CAA61C1377}.Debug|Any CPU.Build.0 = Debug|Any CPU
		{3389C058-7C9A-464E-A3A2-F3CAA61C1377}.Release|Any CPU.ActiveCfg = Release|Any CPU
		{3389C058-7C9A-464E-A3A2-F3CAA61C1377}.Release|Any CPU.Build.0 = Release|Any CPU
		{67CD601C-8BE2-4FD4-A5ED-D35E846D693E}.Debug|Any CPU.ActiveCfg = Debug|Any CPU
		{67CD601C-8BE2-4FD4-A5ED-D35E846D693E}.Debug|Any CPU.Build.0 = Debug|Any CPU
		{67CD601C-8BE2-4FD4-A5ED-D35E846D693E}.Release|Any CPU.ActiveCfg = Release|Any CPU
		{67CD601C-8BE2-4FD4-A5ED-D35E846D693E}.Release|Any CPU.Build.0 = Release|Any CPU
		{22EAB29F-0D48-4017-89AA-2ED6ADCB154F}.Debug|Any CPU.ActiveCfg = Debug|Any CPU
		{22EAB29F-0D48-4017-89AA-2ED6ADCB154F}.Debug|Any CPU.Build.0 = Debug|Any CPU
		{22EAB29F-0D48-4017-89AA-2ED6ADCB154F}.Release|Any CPU.ActiveCfg = Release|Any CPU
		{22EAB29F-0D48-4017-89AA-2ED6ADCB154F}.Release|Any CPU.Build.0 = Release|Any CPU
		{08AC6BF8-4BBD-48A7-B20F-B0379CED3FD4}.Debug|Any CPU.ActiveCfg = Debug|Any CPU
		{08AC6BF8-4BBD-48A7-B20F-B0379CED3FD4}.Debug|Any CPU.Build.0 = Debug|Any CPU
		{08AC6BF8-4BBD-48A7-B20F-B0379CED3FD4}.Release|Any CPU.ActiveCfg = Release|Any CPU
		{08AC6BF8-4BBD-48A7-B20F-B0379CED3FD4}.Release|Any CPU.Build.0 = Release|Any CPU
		{F7835192-D0B5-4722-BBB5-381D9863AB3F}.Debug|Any CPU.ActiveCfg = Debug|Any CPU
		{F7835192-D0B5-4722-BBB5-381D9863AB3F}.Debug|Any CPU.Build.0 = Debug|Any CPU
		{F7835192-D0B5-4722-BBB5-381D9863AB3F}.Release|Any CPU.ActiveCfg = Release|Any CPU
		{F7835192-D0B5-4722-BBB5-381D9863AB3F}.Release|Any CPU.Build.0 = Release|Any CPU
	EndGlobalSection
	GlobalSection(SolutionProperties) = preSolution
		HideSolutionNode = FALSE
	EndGlobalSection
	GlobalSection(ExtensibilityGlobals) = postSolution
		SolutionGuid = {FCB30236-9957-40A9-B65A-333E49267564}
	EndGlobalSection
EndGlobal
